{
  "name": "TSCBMLoader",
  "lockfileVersion": 3,
  "requires": true,
  "packages": {
    "": {
      "dependencies": {
        "@types/w3c-web-serial": "^1.0.8"
      }
    },
    "node_modules/@types/w3c-web-serial": {
      "version": "1.0.8",
      "resolved": "https://registry.npmjs.org/@types/w3c-web-serial/-/w3c-web-serial-1.0.8.tgz",
      "integrity": "sha512-QQOT+bxQJhRGXoZDZGLs3ksLud1dMNnMiSQtBA0w8KXvLpXX4oM4TZb6J0GgJ8UbCaHo5s9/4VQT8uXy9JER2A=="
    }
  }
}
